github.com/zeroxoneafour/html-rewriter v0.0.0-20220408213319-b5aef090595a h1:plCvVdLkIx2PPSR81UdwYGiv1oQEgCMm9rrcoxWvIvA=
github.com/zeroxoneafour/html-rewriter v0.0.0-20220408213319-b5aef090595a/go.mod h1:kAAe0+LCph4WT8eThPfRnI3LY2vJ07gJrZfUHBU7jJI=
golang.org/x/net v0.0.0-20220407224826-aac1ed45d8e3 h1:EN5+DfgmRMvRUrMGERW2gQl3Vc+Z7ZMnI/xdEpPSf0c=
golang.org/x/net v0.0.0-20220407224826-aac1ed45d8e3/go.mod h1:CfG3xpIq0wQ8r1q4Su4UZFWDARRcnwPjda9FqA0JpMk=
